
Microsoft Visual Studio Solution File, Format Version 12.00
# Visual Studio 15
VisualStudioVersion = 15.0.28307.136
MinimumVisualStudioVersion = 10.0.40219.1
Project("{FAE04EC0-301F-11D3-BF4B-00C04F79EFBC}") = "KVH Kaleidoscope", "KVH Kaleidoscope\KVH Kaleidoscope.csproj", "{33768484-8B65-4B79-B072-E1AD755E96AE}"
EndProject
Global
	GlobalSection(SolutionConfigurationPlatforms) = preSolution
		Debug|Any CPU = Debug|Any CPU
		Release|Any CPU = Release|Any CPU
	EndGlobalSection
	GlobalSection(ProjectConfigurationPlatforms) = postSolution
		{33768484-8B65-4B79-B072-E1AD755E96AE}.Debug|Any CPU.ActiveCfg = Debug|Any CPU
		{33768484-8B65-4B79-B072-E1AD755E96AE}.Debug|Any CPU.Build.0 = Debug|Any CPU
		{33768484-8B65-4B79-B072-E1AD755E96AE}.Release|Any CPU.ActiveCfg = Release|Any CPU
		{33768484-8B65-4B79-B072-E1AD755E96AE}.Release|Any CPU.Build.0 = Release|Any CPU
	EndGlobalSection
	GlobalSection(SolutionProperties) = preSolution
		HideSolutionNode = FALSE
	EndGlobalSection
	GlobalSection(ExtensibilityGlobals) = postSolution
		SolutionGuid = {E268E5DA-968B-4EBA-818A-FE79CE2D4080}
	EndGlobalSection
EndGlobal
